
Microsoft Visual Studio Solution File, Format Version 12.00
# Visual Studio 15
VisualStudioVersion = 15.0.28307.572
MinimumVisualStudioVersion = 10.0.40219.1
Project("{FAE04EC0-301F-11D3-BF4B-00C04F79EFBC}") = "WindowsFormsApp1vj1819", "WindowsFormsApp1vj1819\WindowsFormsApp1vj1819.csproj", "{8271DA01-0465-4BE3-83D9-7EE47E886130}"
EndProject
Global
	GlobalSection(SolutionConfigurationPlatforms) = preSolution
		Debug|Any CPU = Debug|Any CPU
		Release|Any CPU = Release|Any CPU
	EndGlobalSection
	GlobalSection(ProjectConfigurationPlatforms) = postSolution
		{8271DA01-0465-4BE3-83D9-7EE47E886130}.Debug|Any CPU.ActiveCfg = Debug|Any CPU
		{8271DA01-0465-4BE3-83D9-7EE47E886130}.Debug|Any CPU.Build.0 = Debug|Any CPU
		{8271DA01-0465-4BE3-83D9-7EE47E886130}.Release|Any CPU.ActiveCfg = Release|Any CPU
		{8271DA01-0465-4BE3-83D9-7EE47E886130}.Release|Any CPU.Build.0 = Release|Any CPU
	EndGlobalSection
	GlobalSection(SolutionProperties) = preSolution
		HideSolutionNode = FALSE
	EndGlobalSection
	GlobalSection(ExtensibilityGlobals) = postSolution
		SolutionGuid = {3B74C25A-BAE2-45E8-A9E8-EFD5ADCDB2FC}
	EndGlobalSection
EndGlobal
